{
  "object": {
    "pins": [
      {
        "package": "HandyJSON",
        "repositoryURL": "https://github.com/alibaba/HandyJSON.git",
        "state": {
          "branch": null,
          "revision": "dcf39cf062680ffa4fd0acb7f9117a97755c113f",
          "version": "5.0.2"
        }
      }
    ]
  },
  "version": 1
}
